
Microsoft Visual Studio Solution File, Format Version 12.00
# Visual Studio Version 16
VisualStudioVersion = 16.0.31129.286
MinimumVisualStudioVersion = 10.0.40219.1
Project("{FAE04EC0-301F-11D3-BF4B-00C04F79EFBC}") = "furdega", "furdega\furdega.csproj", "{75C394F4-EF39-45C9-850A-A978CB3268DA}"
EndProject
Global
	GlobalSection(SolutionConfigurationPlatforms) = preSolution
		Debug|Any CPU = Debug|Any CPU
		Release|Any CPU = Release|Any CPU
	EndGlobalSection
	GlobalSection(ProjectConfigurationPlatforms) = postSolution
		{75C394F4-EF39-45C9-850A-A978CB3268DA}.Debug|Any CPU.ActiveCfg = Debug|Any CPU
		{75C394F4-EF39-45C9-850A-A978CB3268DA}.Debug|Any CPU.Build.0 = Debug|Any CPU
		{75C394F4-EF39-45C9-850A-A978CB3268DA}.Release|Any CPU.ActiveCfg = Release|Any CPU
		{75C394F4-EF39-45C9-850A-A978CB3268DA}.Release|Any CPU.Build.0 = Release|Any CPU
	EndGlobalSection
	GlobalSection(SolutionProperties) = preSolution
		HideSolutionNode = FALSE
	EndGlobalSection
	GlobalSection(ExtensibilityGlobals) = postSolution
		SolutionGuid = {7E6DBB6C-E2C7-4EFE-9BAE-AF71D0D135F0}
	EndGlobalSection
EndGlobal
